
Microsoft Visual Studio Solution File, Format Version 12.00
# Visual Studio Version 16
VisualStudioVersion = 16.0.31005.135
MinimumVisualStudioVersion = 10.0.40219.1
Project("{FAE04EC0-301F-11D3-BF4B-00C04F79EFBC}") = "NumberGuessingGame", "NumberGuessingGame.csproj", "{149E2A41-72B6-473E-AF0A-6FD7B8AE023F}"
EndProject
Global
	GlobalSection(SolutionConfigurationPlatforms) = preSolution
		Debug|Any CPU = Debug|Any CPU
		Release|Any CPU = Release|Any CPU
	EndGlobalSection
	GlobalSection(ProjectConfigurationPlatforms) = postSolution
		{149E2A41-72B6-473E-AF0A-6FD7B8AE023F}.Debug|Any CPU.ActiveCfg = Debug|Any CPU
		{149E2A41-72B6-473E-AF0A-6FD7B8AE023F}.Debug|Any CPU.Build.0 = Debug|Any CPU
		{149E2A41-72B6-473E-AF0A-6FD7B8AE023F}.Release|Any CPU.ActiveCfg = Release|Any CPU
		{149E2A41-72B6-473E-AF0A-6FD7B8AE023F}.Release|Any CPU.Build.0 = Release|Any CPU
	EndGlobalSection
	GlobalSection(SolutionProperties) = preSolution
		HideSolutionNode = FALSE
	EndGlobalSection
	GlobalSection(ExtensibilityGlobals) = postSolution
		SolutionGuid = {6BA01844-25AC-4A79-922C-4857543592C1}
	EndGlobalSection
EndGlobal
